// !$*UTF8*$!
{
	archiveVersion = 1;
	classes = {
	};
	objectVersion = 51;
	objects = {

/* Begin PBXBuildFile section */
		945A50C223AACA24005E0293 /* DetailsViewController.swift in Sources */ = {isa = PBXBuildFile; fileRef = 945A50C123AACA24005E0293 /* DetailsViewController.swift */; };
		947FCE4423AA5EEB00671D8E /* AppDelegate.swift in Sources */ = {isa = PBXBuildFile; fileRef = 947FCE4323AA5EEB00671D8E /* AppDelegate.swift */; };
		947FCE4623AA5EEB00671D8E /* ViewController.swift in Sources */ = {isa = PBXBuildFile; fileRef = 947FCE4523AA5EEB00671D8E /* ViewController.swift */; };
		947FCE4923AA5EEB00671D8E /* Main.storyboard in Resources */ = {isa = PBXBuildFile; fileRef = 947FCE4723AA5EEB00671D8E /* Main.storyboard */; };
		947FCE4B23AA5EEC00671D8E /* Assets.xcassets in Resources */ = {isa = PBXBuildFile; fileRef = 947FCE4A23AA5EEC00671D8E /* Assets.xcassets */; };
		947FCE4E23AA5EEC00671D8E /* LaunchScreen.storyboard in Resources */ = {isa = PBXBuildFile; fileRef = 947FCE4C23AA5EEC00671D8E /* LaunchScreen.storyboard */; };
		947FCE5923AA60FC00671D8E /* Model.swift in Sources */ = {isa = PBXBuildFile; fileRef = 947FCE5623AA60FB00671D8E /* Model.swift */; };
		947FCE5A23AA60FC00671D8E /* BaseCollectionViewCell.swift in Sources */ = {isa = PBXBuildFile; fileRef = 947FCE5723AA60FB00671D8E /* BaseCollectionViewCell.swift */; };
		947FCE5B23AA60FC00671D8E /* BaseCollectionReusableView.swift in Sources */ = {isa = PBXBuildFile; fileRef = 947FCE5823AA60FB00671D8E /* BaseCollectionReusableView.swift */; };
		947FCE5E23AA613000671D8E /* NibLoadable+Reusable.swift in Sources */ = {isa = PBXBuildFile; fileRef = 947FCE5D23AA613000671D8E /* NibLoadable+Reusable.swift */; };
		947FCE6523AA61CB00671D8E /* UICollectionViewCellExtension.swift in Sources */ = {isa = PBXBuildFile; fileRef = 947FCE6123AA61CB00671D8E /* UICollectionViewCellExtension.swift */; };
		947FCE6723AA61CB00671D8E /* UICollectionViewExtension.swift in Sources */ = {isa = PBXBuildFile; fileRef = 947FCE6323AA61CB00671D8E /* UICollectionViewExtension.swift */; };
		947FCE7323AA626000671D8E /* BaseResponse.swift in Sources */ = {isa = PBXBuildFile; fileRef = 947FCE6B23AA626000671D8E /* BaseResponse.swift */; };
		947FCE7423AA626000671D8E /* NetworkProtocols.swift in Sources */ = {isa = PBXBuildFile; fileRef = 947FCE6D23AA626000671D8E /* NetworkProtocols.swift */; };
		947FCE7523AA626000671D8E /* AlamofireExtensions.swift in Sources */ = {isa = PBXBuildFile; fileRef = 947FCE6E23AA626000671D8E /* AlamofireExtensions.swift */; };
		947FCE7623AA626000671D8E /* APIFetcher.swift in Sources */ = {isa = PBXBuildFile; fileRef = 947FCE6F23AA626000671D8E /* APIFetcher.swift */; };
		947FCE7723AA626000671D8E /* CustomError.swift in Sources */ = {isa = PBXBuildFile; fileRef = 947FCE7023AA626000671D8E /* CustomError.swift */; };
		947FCE7823AA626000671D8E /* BaseRequest.swift in Sources */ = {isa = PBXBuildFile; fileRef = 947FCE7223AA626000671D8E /* BaseRequest.swift */; };
		947FCE7A23AA6A1300671D8E /* ViewModel.swift in Sources */ = {isa = PBXBuildFile; fileRef = 947FCE7923AA6A1300671D8E /* ViewModel.swift */; };
		947FCE8023AA6B2300671D8E /* NewsViewModel.swift in Sources */ = {isa = PBXBuildFile; fileRef = 947FCE7F23AA6B2300671D8E /* NewsViewModel.swift */; };
		947FCE8223AA6C2100671D8E /* AnimeNewsRequest.swift in Sources */ = {isa = PBXBuildFile; fileRef = 947FCE8123AA6C2100671D8E /* AnimeNewsRequest.swift */; };
		947FCE8423AA6C5900671D8E /* APIs.swift in Sources */ = {isa = PBXBuildFile; fileRef = 947FCE8323AA6C5900671D8E /* APIs.swift */; };
		947FCE8623AA6DE100671D8E /* News.swift in Sources */ = {isa = PBXBuildFile; fileRef = 947FCE8523AA6DE100671D8E /* News.swift */; };
		947FCE8923AA6E6400671D8E /* Article.swift in Sources */ = {isa = PBXBuildFile; fileRef = 947FCE8823AA6E6400671D8E /* Article.swift */; };
		947FCE8C23AA729700671D8E /* NewsViewController.swift in Sources */ = {isa = PBXBuildFile; fileRef = 947FCE8B23AA729700671D8E /* NewsViewController.swift */; };
		947FCE8E23AA732100671D8E /* BaseViewController.swift in Sources */ = {isa = PBXBuildFile; fileRef = 947FCE8D23AA732100671D8E /* BaseViewController.swift */; };
		947FCE9323AA8B8B00671D8E /* NewsCellCollectionViewCell.swift in Sources */ = {isa = PBXBuildFile; fileRef = 947FCE9123AA8B8B00671D8E /* NewsCellCollectionViewCell.swift */; };
		947FCE9423AA8B8B00671D8E /* NewsCellCollectionViewCell.xib in Resources */ = {isa = PBXBuildFile; fileRef = 947FCE9223AA8B8B00671D8E /* NewsCellCollectionViewCell.xib */; };
		9D77DA3AAA2AE88A797530F8 /* Pods_Adastra.framework in Frameworks */ = {isa = PBXBuildFile; fileRef = AF29E33E3F17B1A1209C8CC7 /* Pods_Adastra.framework */; };
/* End PBXBuildFile section */

/* Begin PBXFileReference section */
		945A50C123AACA24005E0293 /* DetailsViewController.swift */ = {isa = PBXFileReference; lastKnownFileType = sourcecode.swift; path = DetailsViewController.swift; sourceTree = "<group>"; };
		947FCE4023AA5EEB00671D8E /* Adastra.app */ = {isa = PBXFileReference; explicitFileType = wrapper.application; includeInIndex = 0; path = Adastra.app; sourceTree = BUILT_PRODUCTS_DIR; };
		947FCE4323AA5EEB00671D8E /* AppDelegate.swift */ = {isa = PBXFileReference; lastKnownFileType = sourcecode.swift; path = AppDelegate.swift; sourceTree = "<group>"; };
		947FCE4523AA5EEB00671D8E /* ViewController.swift */ = {isa = PBXFileReference; lastKnownFileType = sourcecode.swift; path = ViewController.swift; sourceTree = "<group>"; };
		947FCE4823AA5EEB00671D8E /* Base */ = {isa = PBXFileReference; lastKnownFileType = file.storyboard; name = Base; path = Base.lproj/Main.storyboard; sourceTree = "<group>"; };
		947FCE4A23AA5EEC00671D8E /* Assets.xcassets */ = {isa = PBXFileReference; lastKnownFileType = folder.assetcatalog; path = Assets.xcassets; sourceTree = "<group>"; };
		947FCE4D23AA5EEC00671D8E /* Base */ = {isa = PBXFileReference; lastKnownFileType = file.storyboard; name = Base; path = Base.lproj/LaunchScreen.storyboard; sourceTree = "<group>"; };
		947FCE4F23AA5EEC00671D8E /* Info.plist */ = {isa = PBXFileReference; lastKnownFileType = text.plist.xml; path = Info.plist; sourceTree = "<group>"; };
		947FCE5623AA60FB00671D8E /* Model.swift */ = {isa = PBXFileReference; fileEncoding = 4; lastKnownFileType = sourcecode.swift; path = Model.swift; sourceTree = "<group>"; };
		947FCE5723AA60FB00671D8E /* BaseCollectionViewCell.swift */ = {isa = PBXFileReference; fileEncoding = 4; lastKnownFileType = sourcecode.swift; path = BaseCollectionViewCell.swift; sourceTree = "<group>"; };
		947FCE5823AA60FB00671D8E /* BaseCollectionReusableView.swift */ = {isa = PBXFileReference; fileEncoding = 4; lastKnownFileType = sourcecode.swift; path = BaseCollectionReusableView.swift; sourceTree = "<group>"; };
		947FCE5D23AA613000671D8E /* NibLoadable+Reusable.swift */ = {isa = PBXFileReference; fileEncoding = 4; lastKnownFileType = sourcecode.swift; path = "NibLoadable+Reusable.swift"; sourceTree = "<group>"; };
		947FCE6123AA61CB00671D8E /* UICollectionViewCellExtension.swift */ = {isa = PBXFileReference; fileEncoding = 4; lastKnownFileType = sourcecode.swift; path = UICollectionViewCellExtension.swift; sourceTree = "<group>"; };
		947FCE6323AA61CB00671D8E /* UICollectionViewExtension.swift */ = {isa = PBXFileReference; fileEncoding = 4; lastKnownFileType = sourcecode.swift; path = UICollectionViewExtension.swift; sourceTree = "<group>"; };
		947FCE6B23AA626000671D8E /* BaseResponse.swift */ = {isa = PBXFileReference; fileEncoding = 4; lastKnownFileType = sourcecode.swift; path = BaseResponse.swift; sourceTree = "<group>"; };
		947FCE6D23AA626000671D8E /* NetworkProtocols.swift */ = {isa = PBXFileReference; fileEncoding = 4; lastKnownFileType = sourcecode.swift; path = NetworkProtocols.swift; sourceTree = "<group>"; };
		947FCE6E23AA626000671D8E /* AlamofireExtensions.swift */ = {isa = PBXFileReference; fileEncoding = 4; lastKnownFileType = sourcecode.swift; path = AlamofireExtensions.swift; sourceTree = "<group>"; };
		947FCE6F23AA626000671D8E /* APIFetcher.swift */ = {isa = PBXFileReference; fileEncoding = 4; lastKnownFileType = sourcecode.swift; path = APIFetcher.swift; sourceTree = "<group>"; };
		947FCE7023AA626000671D8E /* CustomError.swift */ = {isa = PBXFileReference; fileEncoding = 4; lastKnownFileType = sourcecode.swift; path = CustomError.swift; sourceTree = "<group>"; };
		947FCE7223AA626000671D8E /* BaseRequest.swift */ = {isa = PBXFileReference; fileEncoding = 4; lastKnownFileType = sourcecode.swift; path = BaseRequest.swift; sourceTree = "<group>"; };
		947FCE7923AA6A1300671D8E /* ViewModel.swift */ = {isa = PBXFileReference; fileEncoding = 4; lastKnownFileType = sourcecode.swift; path = ViewModel.swift; sourceTree = "<group>"; };
		947FCE7F23AA6B2300671D8E /* NewsViewModel.swift */ = {isa = PBXFileReference; lastKnownFileType = sourcecode.swift; path = NewsViewModel.swift; sourceTree = "<group>"; };
		947FCE8123AA6C2100671D8E /* AnimeNewsRequest.swift */ = {isa = PBXFileReference; lastKnownFileType = sourcecode.swift; path = AnimeNewsRequest.swift; sourceTree = "<group>"; };
		947FCE8323AA6C5900671D8E /* APIs.swift */ = {isa = PBXFileReference; lastKnownFileType = sourcecode.swift; path = APIs.swift; sourceTree = "<group>"; };
		947FCE8523AA6DE100671D8E /* News.swift */ = {isa = PBXFileReference; lastKnownFileType = sourcecode.swift; path = News.swift; sourceTree = "<group>"; };
		947FCE8823AA6E6400671D8E /* Article.swift */ = {isa = PBXFileReference; lastKnownFileType = sourcecode.swift; path = Article.swift; sourceTree = "<group>"; };
		947FCE8B23AA729700671D8E /* NewsViewController.swift */ = {isa = PBXFileReference; lastKnownFileType = sourcecode.swift; path = NewsViewController.swift; sourceTree = "<group>"; };
		947FCE8D23AA732100671D8E /* BaseViewController.swift */ = {isa = PBXFileReference; lastKnownFileType = sourcecode.swift; path = BaseViewController.swift; sourceTree = "<group>"; };
		947FCE9123AA8B8B00671D8E /* NewsCellCollectionViewCell.swift */ = {isa = PBXFileReference; lastKnownFileType = sourcecode.swift; path = NewsCellCollectionViewCell.swift; sourceTree = "<group>"; };
		947FCE9223AA8B8B00671D8E /* NewsCellCollectionViewCell.xib */ = {isa = PBXFileReference; lastKnownFileType = file.xib; path = NewsCellCollectionViewCell.xib; sourceTree = "<group>"; };
		AF29E33E3F17B1A1209C8CC7 /* Pods_Adastra.framework */ = {isa = PBXFileReference; explicitFileType = wrapper.framework; includeInIndex = 0; path = Pods_Adastra.framework; sourceTree = BUILT_PRODUCTS_DIR; };
		BF59BF84E1762B442BAE0E97 /* Pods-Adastra.release.xcconfig */ = {isa = PBXFileReference; includeInIndex = 1; lastKnownFileType = text.xcconfig; name = "Pods-Adastra.release.xcconfig"; path = "Target Support Files/Pods-Adastra/Pods-Adastra.release.xcconfig"; sourceTree = "<group>"; };
		F9EA540FEA090F91947BB400 /* Pods-Adastra.debug.xcconfig */ = {isa = PBXFileReference; includeInIndex = 1; lastKnownFileType = text.xcconfig; name = "Pods-Adastra.debug.xcconfig"; path = "Target Support Files/Pods-Adastra/Pods-Adastra.debug.xcconfig"; sourceTree = "<group>"; };
/* End PBXFileReference section */

/* Begin PBXFrameworksBuildPhase section */
		947FCE3D23AA5EEB00671D8E /* Frameworks */ = {
			isa = PBXFrameworksBuildPhase;
			buildActionMask = 2147483647;
			files = (
				9D77DA3AAA2AE88A797530F8 /* Pods_Adastra.framework in Frameworks */,
			);
			runOnlyForDeploymentPostprocessing = 0;
		};
/* End PBXFrameworksBuildPhase section */

/* Begin PBXGroup section */
		2D7A3A4666E6F50CDC4351F1 /* Frameworks */ = {
			isa = PBXGroup;
			children = (
				AF29E33E3F17B1A1209C8CC7 /* Pods_Adastra.framework */,
			);
			name = Frameworks;
			sourceTree = "<group>";
		};
		947FCE3723AA5EEA00671D8E = {
			isa = PBXGroup;
			children = (
				947FCE4223AA5EEB00671D8E /* Adastra */,
				947FCE4123AA5EEB00671D8E /* Products */,
				B43561A8118A0DFDA63D9E83 /* Pods */,
				2D7A3A4666E6F50CDC4351F1 /* Frameworks */,
			);
			sourceTree = "<group>";
		};
		947FCE4123AA5EEB00671D8E /* Products */ = {
			isa = PBXGroup;
			children = (
				947FCE4023AA5EEB00671D8E /* Adastra.app */,
			);
			name = Products;
			sourceTree = "<group>";
		};
		947FCE4223AA5EEB00671D8E /* Adastra */ = {
			isa = PBXGroup;
			children = (
				947FCE7D23AA6AF800671D8E /* Anime */,
				947FCE6923AA626000671D8E /* Network Layer */,
				947FCE5F23AA617D00671D8E /* Helpers */,
				947FCE4323AA5EEB00671D8E /* AppDelegate.swift */,
				947FCE4523AA5EEB00671D8E /* ViewController.swift */,
				947FCE4723AA5EEB00671D8E /* Main.storyboard */,
				947FCE4A23AA5EEC00671D8E /* Assets.xcassets */,
				947FCE4C23AA5EEC00671D8E /* LaunchScreen.storyboard */,
				947FCE4F23AA5EEC00671D8E /* Info.plist */,
			);
			path = Adastra;
			sourceTree = "<group>";
		};
		947FCE5523AA60FB00671D8E /* Reusables */ = {
			isa = PBXGroup;
			children = (
				947FCE8D23AA732100671D8E /* BaseViewController.swift */,
				947FCE7923AA6A1300671D8E /* ViewModel.swift */,
				947FCE5623AA60FB00671D8E /* Model.swift */,
				947FCE5723AA60FB00671D8E /* BaseCollectionViewCell.swift */,
				947FCE5823AA60FB00671D8E /* BaseCollectionReusableView.swift */,
			);
			path = Reusables;
			sourceTree = "<group>";
		};
		947FCE5C23AA613000671D8E /* Protocols */ = {
			isa = PBXGroup;
			children = (
				947FCE5D23AA613000671D8E /* NibLoadable+Reusable.swift */,
			);
			path = Protocols;
			sourceTree = "<group>";
		};
		947FCE5F23AA617D00671D8E /* Helpers */ = {
			isa = PBXGroup;
			children = (
				947FCE6023AA61CB00671D8E /* Extensions */,
				947FCE5523AA60FB00671D8E /* Reusables */,
				947FCE5C23AA613000671D8E /* Protocols */,
			);
			path = Helpers;
			sourceTree = "<group>";
		};
		947FCE6023AA61CB00671D8E /* Extensions */ = {
			isa = PBXGroup;
			children = (
				947FCE6123AA61CB00671D8E /* UICollectionViewCellExtension.swift */,
				947FCE6323AA61CB00671D8E /* UICollectionViewExtension.swift */,
			);
			path = Extensions;
			sourceTree = "<group>";
		};
		947FCE6923AA626000671D8E /* Network Layer */ = {
			isa = PBXGroup;
			children = (
				947FCE6A23AA626000671D8E /* Response */,
				947FCE6C23AA626000671D8E /* Service Manager */,
				947FCE7123AA626000671D8E /* Request */,
				947FCE8323AA6C5900671D8E /* APIs.swift */,
			);
			path = "Network Layer";
			sourceTree = "<group>";
		};
		947FCE6A23AA626000671D8E /* Response */ = {
			isa = PBXGroup;
			children = (
				947FCE6B23AA626000671D8E /* BaseResponse.swift */,
			);
			path = Response;
			sourceTree = "<group>";
		};
		947FCE6C23AA626000671D8E /* Service Manager */ = {
			isa = PBXGroup;
			children = (
				947FCE6D23AA626000671D8E /* NetworkProtocols.swift */,
				947FCE6E23AA626000671D8E /* AlamofireExtensions.swift */,
				947FCE6F23AA626000671D8E /* APIFetcher.swift */,
				947FCE7023AA626000671D8E /* CustomError.swift */,
			);
			path = "Service Manager";
			sourceTree = "<group>";
		};
		947FCE7123AA626000671D8E /* Request */ = {
			isa = PBXGroup;
			children = (
				947FCE7223AA626000671D8E /* BaseRequest.swift */,
				947FCE8123AA6C2100671D8E /* AnimeNewsRequest.swift */,
			);
			path = Request;
			sourceTree = "<group>";
		};
		947FCE7D23AA6AF800671D8E /* Anime */ = {
			isa = PBXGroup;
			children = (
				947FCE8A23AA728000671D8E /* Controllers */,
				947FCE7E23AA6B0300671D8E /* ViewModel */,
				947FCE8723AA6DEC00671D8E /* Models */,
				947FCE9523AA8B9100671D8E /* Views */,
			);
			path = Anime;
			sourceTree = "<group>";
		};
		947FCE7E23AA6B0300671D8E /* ViewModel */ = {
			isa = PBXGroup;
			children = (
				947FCE7F23AA6B2300671D8E /* NewsViewModel.swift */,
			);
			path = ViewModel;
			sourceTree = "<group>";
		};
		947FCE8723AA6DEC00671D8E /* Models */ = {
			isa = PBXGroup;
			children = (
				947FCE8523AA6DE100671D8E /* News.swift */,
				947FCE8823AA6E6400671D8E /* Article.swift */,
			);
			path = Models;
			sourceTree = "<group>";
		};
		947FCE8A23AA728000671D8E /* Controllers */ = {
			isa = PBXGroup;
			children = (
				947FCE8B23AA729700671D8E /* NewsViewController.swift */,
				945A50C123AACA24005E0293 /* DetailsViewController.swift */,
			);
			path = Controllers;
			sourceTree = "<group>";
		};
		947FCE9523AA8B9100671D8E /* Views */ = {
			isa = PBXGroup;
			children = (
				947FCE9123AA8B8B00671D8E /* NewsCellCollectionViewCell.swift */,
				947FCE9223AA8B8B00671D8E /* NewsCellCollectionViewCell.xib */,
			);
			path = Views;
			sourceTree = "<group>";
		};
		B43561A8118A0DFDA63D9E83 /* Pods */ = {
			isa = PBXGroup;
			children = (
				F9EA540FEA090F91947BB400 /* Pods-Adastra.debug.xcconfig */,
				BF59BF84E1762B442BAE0E97 /* Pods-Adastra.release.xcconfig */,
			);
			path = Pods;
			sourceTree = "<group>";
		};
/* End PBXGroup section */

/* Begin PBXNativeTarget section */
		947FCE3F23AA5EEB00671D8E /* Adastra */ = {
			isa = PBXNativeTarget;
			buildConfigurationList = 947FCE5223AA5EEC00671D8E /* Build configuration list for PBXNativeTarget "Adastra" */;
			buildPhases = (
				636417762357C574F1FADE8D /* [CP] Check Pods Manifest.lock */,
				947FCE3C23AA5EEB00671D8E /* Sources */,
				947FCE3D23AA5EEB00671D8E /* Frameworks */,
				947FCE3E23AA5EEB00671D8E /* Resources */,
				E29AD8359B21F2EA86AAE693 /* [CP] Embed Pods Frameworks */,
			);
			buildRules = (
			);
			dependencies = (
			);
			name = Adastra;
			productName = Adastra;
			productReference = 947FCE4023AA5EEB00671D8E /* Adastra.app */;
			productType = "com.apple.product-type.application";
		};
/* End PBXNativeTarget section */

/* Begin PBXProject section */
		947FCE3823AA5EEA00671D8E /* Project object */ = {
			isa = PBXProject;
			attributes = {
				LastSwiftUpdateCheck = 1010;
				LastUpgradeCheck = 1010;
				ORGANIZATIONNAME = "Abdelrahman-Arw";
				TargetAttributes = {
					947FCE3F23AA5EEB00671D8E = {
						CreatedOnToolsVersion = 10.1;
					};
				};
			};
			buildConfigurationList = 947FCE3B23AA5EEA00671D8E /* Build configuration list for PBXProject "Adastra" */;
			compatibilityVersion = "Xcode 9.3";
			developmentRegion = en;
			hasScannedForEncodings = 0;
			knownRegions = (
				en,
				Base,
			);
			mainGroup = 947FCE3723AA5EEA00671D8E;
			productRefGroup = 947FCE4123AA5EEB00671D8E /* Products */;
			projectDirPath = "";
			projectRoot = "";
			targets = (
				947FCE3F23AA5EEB00671D8E /* Adastra */,
			);
		};
/* End PBXProject section */

/* Begin PBXResourcesBuildPhase section */
		947FCE3E23AA5EEB00671D8E /* Resources */ = {
			isa = PBXResourcesBuildPhase;
			buildActionMask = 2147483647;
			files = (
				947FCE4E23AA5EEC00671D8E /* LaunchScreen.storyboard in Resources */,
				947FCE4B23AA5EEC00671D8E /* Assets.xcassets in Resources */,
				947FCE4923AA5EEB00671D8E /* Main.storyboard in Resources */,
				947FCE9423AA8B8B00671D8E /* NewsCellCollectionViewCell.xib in Resources */,
			);
			runOnlyForDeploymentPostprocessing = 0;
		};
/* End PBXResourcesBuildPhase section */

/* Begin PBXShellScriptBuildPhase section */
		636417762357C574F1FADE8D /* [CP] Check Pods Manifest.lock */ = {
			isa = PBXShellScriptBuildPhase;
			buildActionMask = 2147483647;
			files = (
			);
			inputFileListPaths = (
			);
			inputPaths = (
				"${PODS_PODFILE_DIR_PATH}/Podfile.lock",
				"${PODS_ROOT}/Manifest.lock",
			);
			name = "[CP] Check Pods Manifest.lock";
			outputFileListPaths = (
			);
			outputPaths = (
				"$(DERIVED_FILE_DIR)/Pods-Adastra-checkManifestLockResult.txt",
			);
			runOnlyForDeploymentPostprocessing = 0;
			shellPath = /bin/sh;
			shellScript = "diff \"${PODS_PODFILE_DIR_PATH}/Podfile.lock\" \"${PODS_ROOT}/Manifest.lock\" > /dev/null\nif [ $? != 0 ] ; then\n    # print error to STDERR\n    echo \"error: The sandbox is not in sync with the Podfile.lock. Run 'pod install' or update your CocoaPods installation.\" >&2\n    exit 1\nfi\n# This output is used by Xcode 'outputs' to avoid re-running this script phase.\necho \"SUCCESS\" > \"${SCRIPT_OUTPUT_FILE_0}\"\n";
			showEnvVarsInLog = 0;
		};
		E29AD8359B21F2EA86AAE693 /* [CP] Embed Pods Frameworks */ = {
			isa = PBXShellScriptBuildPhase;
			buildActionMask = 2147483647;
			files = (
			);
			inputFileListPaths = (
				"${PODS_ROOT}/Target Support Files/Pods-Adastra/Pods-Adastra-frameworks-${CONFIGURATION}-input-files.xcfilelist",
			);
			name = "[CP] Embed Pods Frameworks";
			outputFileListPaths = (
				"${PODS_ROOT}/Target Support Files/Pods-Adastra/Pods-Adastra-frameworks-${CONFIGURATION}-output-files.xcfilelist",
			);
			runOnlyForDeploymentPostprocessing = 0;
			shellPath = /bin/sh;
			shellScript = "\"${PODS_ROOT}/Target Support Files/Pods-Adastra/Pods-Adastra-frameworks.sh\"\n";
			showEnvVarsInLog = 0;
		};
/* End PBXShellScriptBuildPhase section */

/* Begin PBXSourcesBuildPhase section */
		947FCE3C23AA5EEB00671D8E /* Sources */ = {
			isa = PBXSourcesBuildPhase;
			buildActionMask = 2147483647;
			files = (
				947FCE7523AA626000671D8E /* AlamofireExtensions.swift in Sources */,
				947FCE7323AA626000671D8E /* BaseResponse.swift in Sources */,
				947FCE7723AA626000671D8E /* CustomError.swift in Sources */,
				947FCE7623AA626000671D8E /* APIFetcher.swift in Sources */,
				947FCE8923AA6E6400671D8E /* Article.swift in Sources */,
				947FCE5923AA60FC00671D8E /* Model.swift in Sources */,
				947FCE5B23AA60FC00671D8E /* BaseCollectionReusableView.swift in Sources */,
				947FCE8623AA6DE100671D8E /* News.swift in Sources */,
				947FCE6523AA61CB00671D8E /* UICollectionViewCellExtension.swift in Sources */,
				947FCE8223AA6C2100671D8E /* AnimeNewsRequest.swift in Sources */,
				947FCE8023AA6B2300671D8E /* NewsViewModel.swift in Sources */,
				945A50C223AACA24005E0293 /* DetailsViewController.swift in Sources */,
				947FCE7423AA626000671D8E /* NetworkProtocols.swift in Sources */,
				947FCE6723AA61CB00671D8E /* UICollectionViewExtension.swift in Sources */,
				947FCE8E23AA732100671D8E /* BaseViewController.swift in Sources */,
				947FCE5A23AA60FC00671D8E /* BaseCollectionViewCell.swift in Sources */,
				947FCE7A23AA6A1300671D8E /* ViewModel.swift in Sources */,
				947FCE7823AA626000671D8E /* BaseRequest.swift in Sources */,
				947FCE4623AA5EEB00671D8E /* ViewController.swift in Sources */,
				947FCE5E23AA613000671D8E /* NibLoadable+Reusable.swift in Sources */,
				947FCE8C23AA729700671D8E /* NewsViewController.swift in Sources */,
				947FCE8423AA6C5900671D8E /* APIs.swift in Sources */,
				947FCE4423AA5EEB00671D8E /* AppDelegate.swift in Sources */,
				947FCE9323AA8B8B00671D8E /* NewsCellCollectionViewCell.swift in Sources */,
			);
			runOnlyForDeploymentPostprocessing = 0;
		};
/* End PBXSourcesBuildPhase section */

/* Begin PBXVariantGroup section */
		947FCE4723AA5EEB00671D8E /* Main.storyboard */ = {
			isa = PBXVariantGroup;
			children = (
				947FCE4823AA5EEB00671D8E /* Base */,
			);
			name = Main.storyboard;
			sourceTree = "<group>";
		};
		947FCE4C23AA5EEC00671D8E /* LaunchScreen.storyboard */ = {
			isa = PBXVariantGroup;
			children = (
				947FCE4D23AA5EEC00671D8E /* Base */,
			);
			name = LaunchScreen.storyboard;
			sourceTree = "<group>";
		};
/* End PBXVariantGroup section */

/* Begin XCBuildConfiguration section */
		947FCE5023AA5EEC00671D8E /* Debug */ = {
			isa = XCBuildConfiguration;
			buildSettings = {
				ALWAYS_SEARCH_USER_PATHS = NO;
				CLANG_ANALYZER_NONNULL = YES;
				CLANG_ANALYZER_NUMBER_OBJECT_CONVERSION = YES_AGGRESSIVE;
				CLANG_CXX_LANGUAGE_STANDARD = "gnu++14";
				CLANG_CXX_LIBRARY = "libc++";
				CLANG_ENABLE_MODULES = YES;
				CLANG_ENABLE_OBJC_ARC = YES;
				CLANG_ENABLE_OBJC_WEAK = YES;
				CLANG_WARN_BLOCK_CAPTURE_AUTORELEASING = YES;
				CLANG_WARN_BOOL_CONVERSION = YES;
				CLANG_WARN_COMMA = YES;
				CLANG_WARN_CONSTANT_CONVERSION = YES;
				CLANG_WARN_DEPRECATED_OBJC_IMPLEMENTATIONS = YES;
				CLANG_WARN_DIRECT_OBJC_ISA_USAGE = YES_ERROR;
				CLANG_WARN_DOCUMENTATION_COMMENTS = YES;
				CLANG_WARN_EMPTY_BODY = YES;
				CLANG_WARN_ENUM_CONVERSION = YES;
				CLANG_WARN_INFINITE_RECURSION = YES;
				CLANG_WARN_INT_CONVERSION = YES;
				CLANG_WARN_NON_LITERAL_NULL_CONVERSION = YES;
				CLANG_WARN_OBJC_IMPLICIT_RETAIN_SELF = YES;
				CLANG_WARN_OBJC_LITERAL_CONVERSION = YES;
				CLANG_WARN_OBJC_ROOT_CLASS = YES_ERROR;
				CLANG_WARN_RANGE_LOOP_ANALYSIS = YES;
				CLANG_WARN_STRICT_PROTOTYPES = YES;
				CLANG_WARN_SUSPICIOUS_MOVE = YES;
				CLANG_WARN_UNGUARDED_AVAILABILITY = YES_AGGRESSIVE;
				CLANG_WARN_UNREACHABLE_CODE = YES;
				CLANG_WARN__DUPLICATE_METHOD_MATCH = YES;
				CODE_SIGN_IDENTITY = "iPhone Developer";
				COPY_PHASE_STRIP = NO;
				DEBUG_INFORMATION_FORMAT = dwarf;
				ENABLE_STRICT_OBJC_MSGSEND = YES;
				ENABLE_TESTABILITY = YES;
				GCC_C_LANGUAGE_STANDARD = gnu11;
				GCC_DYNAMIC_NO_PIC = NO;
				GCC_NO_COMMON_BLOCKS = YES;
				GCC_OPTIMIZATION_LEVEL = 0;
				GCC_PREPROCESSOR_DEFINITIONS = (
					"DEBUG=1",
					"$(inherited)",
				);
				GCC_WARN_64_TO_32_BIT_CONVERSION = YES;
				GCC_WARN_ABOUT_RETURN_TYPE = YES_ERROR;
				GCC_WARN_UNDECLARED_SELECTOR = YES;
				GCC_WARN_UNINITIALIZED_AUTOS = YES_AGGRESSIVE;
				GCC_WARN_UNUSED_FUNCTION = YES;
				GCC_WARN_UNUSED_VARIABLE = YES;
				IPHONEOS_DEPLOYMENT_TARGET = 12.1;
				MTL_ENABLE_DEBUG_INFO = INCLUDE_SOURCE;
				MTL_FAST_MATH = YES;
				ONLY_ACTIVE_ARCH = YES;
				SDKROOT = iphoneos;
				SWIFT_ACTIVE_COMPILATION_CONDITIONS = DEBUG;
				SWIFT_OPTIMIZATION_LEVEL = "-Onone";
			};
			name = Debug;
		};
		947FCE5123AA5EEC00671D8E /* Release */ = {
			isa = XCBuildConfiguration;
			buildSettings = {
				ALWAYS_SEARCH_USER_PATHS = NO;
				CLANG_ANALYZER_NONNULL = YES;
				CLANG_ANALYZER_NUMBER_OBJECT_CONVERSION = YES_AGGRESSIVE;
				CLANG_CXX_LANGUAGE_STANDARD = "gnu++14";
				CLANG_CXX_LIBRARY = "libc++";
				CLANG_ENABLE_MODULES = YES;
				CLANG_ENABLE_OBJC_ARC = YES;
				CLANG_ENABLE_OBJC_WEAK = YES;
				CLANG_WARN_BLOCK_CAPTURE_AUTORELEASING = YES;
				CLANG_WARN_BOOL_CONVERSION = YES;
				CLANG_WARN_COMMA = YES;
				CLANG_WARN_CONSTANT_CONVERSION = YES;
				CLANG_WARN_DEPRECATED_OBJC_IMPLEMENTATIONS = YES;
				CLANG_WARN_DIRECT_OBJC_ISA_USAGE = YES_ERROR;
				CLANG_WARN_DOCUMENTATION_COMMENTS = YES;
				CLANG_WARN_EMPTY_BODY = YES;
				CLANG_WARN_ENUM_CONVERSION = YES;
				CLANG_WARN_INFINITE_RECURSION = YES;
				CLANG_WARN_INT_CONVERSION = YES;
				CLANG_WARN_NON_LITERAL_NULL_CONVERSION = YES;
				CLANG_WARN_OBJC_IMPLICIT_RETAIN_SELF = YES;
				CLANG_WARN_OBJC_LITERAL_CONVERSION = YES;
				CLANG_WARN_OBJC_ROOT_CLASS = YES_ERROR;
				CLANG_WARN_RANGE_LOOP_ANALYSIS = YES;
				CLANG_WARN_STRICT_PROTOTYPES = YES;
				CLANG_WARN_SUSPICIOUS_MOVE = YES;
				CLANG_WARN_UNGUARDED_AVAILABILITY = YES_AGGRESSIVE;
				CLANG_WARN_UNREACHABLE_CODE = YES;
				CLANG_WARN__DUPLICATE_METHOD_MATCH = YES;
				CODE_SIGN_IDENTITY = "iPhone Developer";
				COPY_PHASE_STRIP = NO;
				DEBUG_INFORMATION_FORMAT = "dwarf-with-dsym";
				ENABLE_NS_ASSERTIONS = NO;
				ENABLE_STRICT_OBJC_MSGSEND = YES;
				GCC_C_LANGUAGE_STANDARD = gnu11;
				GCC_NO_COMMON_BLOCKS = YES;
				GCC_WARN_64_TO_32_BIT_CONVERSION = YES;
				GCC_WARN_ABOUT_RETURN_TYPE = YES_ERROR;
				GCC_WARN_UNDECLARED_SELECTOR = YES;
				GCC_WARN_UNINITIALIZED_AUTOS = YES_AGGRESSIVE;
				GCC_WARN_UNUSED_FUNCTION = YES;
				GCC_WARN_UNUSED_VARIABLE = YES;
				IPHONEOS_DEPLOYMENT_TARGET = 12.1;
				MTL_ENABLE_DEBUG_INFO = NO;
				MTL_FAST_MATH = YES;
				SDKROOT = iphoneos;
				SWIFT_COMPILATION_MODE = wholemodule;
				SWIFT_OPTIMIZATION_LEVEL = "-O";
				VALIDATE_PRODUCT = YES;
			};
			name = Release;
		};
		947FCE5323AA5EEC00671D8E /* Debug */ = {
			isa = XCBuildConfiguration;
			baseConfigurationReference = F9EA540FEA090F91947BB400 /* Pods-Adastra.debug.xcconfig */;
			buildSettings = {
				ASSETCATALOG_COMPILER_APPICON_NAME = AppIcon;
				CODE_SIGN_STYLE = Automatic;
				DEVELOPMENT_TEAM = "";
				INFOPLIST_FILE = Adastra/Info.plist;
				LD_RUNPATH_SEARCH_PATHS = (
					"$(inherited)",
					"@executable_path/Frameworks",
				);
				PRODUCT_BUNDLE_IDENTIFIER = com.bignerdio.Adastra;
				PRODUCT_NAME = "$(TARGET_NAME)";
				SWIFT_VERSION = 4.2;
				TARGETED_DEVICE_FAMILY = "1,2";
			};
			name = Debug;
		};
		947FCE5423AA5EEC00671D8E /* Release */ = {
			isa = XCBuildConfiguration;
			baseConfigurationReference = BF59BF84E1762B442BAE0E97 /* Pods-Adastra.release.xcconfig */;
			buildSettings = {
				ASSETCATALOG_COMPILER_APPICON_NAME = AppIcon;
				CODE_SIGN_STYLE = Automatic;
				DEVELOPMENT_TEAM = "";
				INFOPLIST_FILE = Adastra/Info.plist;
				LD_RUNPATH_SEARCH_PATHS = (
					"$(inherited)",
					"@executable_path/Frameworks",
				);
				PRODUCT_BUNDLE_IDENTIFIER = com.bignerdio.Adastra;
				PRODUCT_NAME = "$(TARGET_NAME)";
				SWIFT_VERSION = 4.2;
				TARGETED_DEVICE_FAMILY = "1,2";
			};
			name = Release;
		};
/* End XCBuildConfiguration section */

/* Begin XCConfigurationList section */
		947FCE3B23AA5EEA00671D8E /* Build configuration list for PBXProject "Adastra" */ = {
			isa = XCConfigurationList;
			buildConfigurations = (
				947FCE5023AA5EEC00671D8E /* Debug */,
				947FCE5123AA5EEC00671D8E /* Release */,
			);
			defaultConfigurationIsVisible = 0;
			defaultConfigurationName = Release;
		};
		947FCE5223AA5EEC00671D8E /* Build configuration list for PBXNativeTarget "Adastra" */ = {
			isa = XCConfigurationList;
			buildConfigurations = (
				947FCE5323AA5EEC00671D8E /* Debug */,
				947FCE5423AA5EEC00671D8E /* Release */,
			);
			defaultConfigurationIsVisible = 0;
			defaultConfigurationName = Release;
		};
/* End XCConfigurationList section */
	};
	rootObject = 947FCE3823AA5EEA00671D8E /* Project object */;
}
